
Microsoft Visual Studio Solution File, Format Version 12.00
# Visual Studio Version 17
VisualStudioVersion = 17.4.33213.308
MinimumVisualStudioVersion = 10.0.40219.1
Project("{FAE04EC0-301F-11D3-BF4B-00C04F79EFBC}") = "Aula12Classes", "Aula12Classes\Aula12Classes.csproj", "{0D93C497-D64C-4E7F-B5FC-791E5233C27C}"
EndProject
Global
	GlobalSection(SolutionConfigurationPlatforms) = preSolution
		Debug|Any CPU = Debug|Any CPU
		Release|Any CPU = Release|Any CPU
	EndGlobalSection
	GlobalSection(ProjectConfigurationPlatforms) = postSolution
		{0D93C497-D64C-4E7F-B5FC-791E5233C27C}.Debug|Any CPU.ActiveCfg = Debug|Any CPU
		{0D93C497-D64C-4E7F-B5FC-791E5233C27C}.Debug|Any CPU.Build.0 = Debug|Any CPU
		{0D93C497-D64C-4E7F-B5FC-791E5233C27C}.Release|Any CPU.ActiveCfg = Release|Any CPU
		{0D93C497-D64C-4E7F-B5FC-791E5233C27C}.Release|Any CPU.Build.0 = Release|Any CPU
	EndGlobalSection
	GlobalSection(SolutionProperties) = preSolution
		HideSolutionNode = FALSE
	EndGlobalSection
	GlobalSection(ExtensibilityGlobals) = postSolution
		SolutionGuid = {F3422CF1-69A6-4938-BF8D-CA30A42BC27E}
	EndGlobalSection
EndGlobal
